
Microsoft Visual Studio Solution File, Format Version 12.00
# Visual Studio Version 16
VisualStudioVersion = 16.0.30011.22
MinimumVisualStudioVersion = 10.0.40219.1
Project("{FAE04EC0-301F-11D3-BF4B-00C04F79EFBC}") = "01_Layout", "01_Layout\01_Layout.csproj", "{71651780-490D-46B7-B8B5-A040A144096B}"
EndProject
Global
	GlobalSection(SolutionConfigurationPlatforms) = preSolution
		Debug|Any CPU = Debug|Any CPU
		Release|Any CPU = Release|Any CPU
	EndGlobalSection
	GlobalSection(ProjectConfigurationPlatforms) = postSolution
		{71651780-490D-46B7-B8B5-A040A144096B}.Debug|Any CPU.ActiveCfg = Debug|Any CPU
		{71651780-490D-46B7-B8B5-A040A144096B}.Debug|Any CPU.Build.0 = Debug|Any CPU
		{71651780-490D-46B7-B8B5-A040A144096B}.Release|Any CPU.ActiveCfg = Release|Any CPU
		{71651780-490D-46B7-B8B5-A040A144096B}.Release|Any CPU.Build.0 = Release|Any CPU
	EndGlobalSection
	GlobalSection(SolutionProperties) = preSolution
		HideSolutionNode = FALSE
	EndGlobalSection
	GlobalSection(ExtensibilityGlobals) = postSolution
		SolutionGuid = {808672FC-2FA8-43D2-9CF6-FFE61B7E0FC2}
	EndGlobalSection
EndGlobal
