
Microsoft Visual Studio Solution File, Format Version 12.00
# Visual Studio 15
VisualStudioVersion = 15.0.27703.2018
MinimumVisualStudioVersion = 10.0.40219.1
Project("{FAE04EC0-301F-11D3-BF4B-00C04F79EFBC}") = "01_Ornekler", "ConsoleApp1\01_Ornekler.csproj", "{F5964106-45F5-4A66-BC99-43E23F3221A3}"
EndProject
Global
	GlobalSection(SolutionConfigurationPlatforms) = preSolution
		Debug|Any CPU = Debug|Any CPU
		Release|Any CPU = Release|Any CPU
	EndGlobalSection
	GlobalSection(ProjectConfigurationPlatforms) = postSolution
		{F5964106-45F5-4A66-BC99-43E23F3221A3}.Debug|Any CPU.ActiveCfg = Debug|Any CPU
		{F5964106-45F5-4A66-BC99-43E23F3221A3}.Debug|Any CPU.Build.0 = Debug|Any CPU
		{F5964106-45F5-4A66-BC99-43E23F3221A3}.Release|Any CPU.ActiveCfg = Release|Any CPU
		{F5964106-45F5-4A66-BC99-43E23F3221A3}.Release|Any CPU.Build.0 = Release|Any CPU
	EndGlobalSection
	GlobalSection(SolutionProperties) = preSolution
		HideSolutionNode = FALSE
	EndGlobalSection
	GlobalSection(ExtensibilityGlobals) = postSolution
		SolutionGuid = {7DF8E03B-6E5D-4998-AEDE-52BBFAB58E68}
	EndGlobalSection
EndGlobal
