
Microsoft Visual Studio Solution File, Format Version 12.00
# Visual Studio Version 16
VisualStudioVersion = 16.0.29728.190
MinimumVisualStudioVersion = 10.0.40219.1
Project("{FAE04EC0-301F-11D3-BF4B-00C04F79EFBC}") = "01_ObjectInitializer", "01_ObjectInitializer\01_ObjectInitializer.csproj", "{C0DF2CB4-2406-4114-A3BC-700E1243087C}"
EndProject
Global
	GlobalSection(SolutionConfigurationPlatforms) = preSolution
		Debug|Any CPU = Debug|Any CPU
		Release|Any CPU = Release|Any CPU
	EndGlobalSection
	GlobalSection(ProjectConfigurationPlatforms) = postSolution
		{C0DF2CB4-2406-4114-A3BC-700E1243087C}.Debug|Any CPU.ActiveCfg = Debug|Any CPU
		{C0DF2CB4-2406-4114-A3BC-700E1243087C}.Debug|Any CPU.Build.0 = Debug|Any CPU
		{C0DF2CB4-2406-4114-A3BC-700E1243087C}.Release|Any CPU.ActiveCfg = Release|Any CPU
		{C0DF2CB4-2406-4114-A3BC-700E1243087C}.Release|Any CPU.Build.0 = Release|Any CPU
	EndGlobalSection
	GlobalSection(SolutionProperties) = preSolution
		HideSolutionNode = FALSE
	EndGlobalSection
	GlobalSection(ExtensibilityGlobals) = postSolution
		SolutionGuid = {B7C38DE7-4435-4613-9057-1DD7442CD8D0}
	EndGlobalSection
EndGlobal
