
Microsoft Visual Studio Solution File, Format Version 12.00
# Visual Studio 15
VisualStudioVersion = 15.0.27703.2018
MinimumVisualStudioVersion = 10.0.40219.1
Project("{FAE04EC0-301F-11D3-BF4B-00C04F79EFBC}") = "01_Enum", "01_Enum\01_Enum.csproj", "{034A1400-6E7F-44AB-BC17-E77D298DFC67}"
EndProject
Project("{FAE04EC0-301F-11D3-BF4B-00C04F79EFBC}") = "02_Enum_Ornek", "02_Enum_Ornek\02_Enum_Ornek.csproj", "{AF00F492-5F44-41D7-BDBE-F2A6769408C6}"
EndProject
Global
	GlobalSection(SolutionConfigurationPlatforms) = preSolution
		Debug|Any CPU = Debug|Any CPU
		Release|Any CPU = Release|Any CPU
	EndGlobalSection
	GlobalSection(ProjectConfigurationPlatforms) = postSolution
		{034A1400-6E7F-44AB-BC17-E77D298DFC67}.Debug|Any CPU.ActiveCfg = Debug|Any CPU
		{034A1400-6E7F-44AB-BC17-E77D298DFC67}.Debug|Any CPU.Build.0 = Debug|Any CPU
		{034A1400-6E7F-44AB-BC17-E77D298DFC67}.Release|Any CPU.ActiveCfg = Release|Any CPU
		{034A1400-6E7F-44AB-BC17-E77D298DFC67}.Release|Any CPU.Build.0 = Release|Any CPU
		{AF00F492-5F44-41D7-BDBE-F2A6769408C6}.Debug|Any CPU.ActiveCfg = Debug|Any CPU
		{AF00F492-5F44-41D7-BDBE-F2A6769408C6}.Debug|Any CPU.Build.0 = Debug|Any CPU
		{AF00F492-5F44-41D7-BDBE-F2A6769408C6}.Release|Any CPU.ActiveCfg = Release|Any CPU
		{AF00F492-5F44-41D7-BDBE-F2A6769408C6}.Release|Any CPU.Build.0 = Release|Any CPU
	EndGlobalSection
	GlobalSection(SolutionProperties) = preSolution
		HideSolutionNode = FALSE
	EndGlobalSection
	GlobalSection(ExtensibilityGlobals) = postSolution
		SolutionGuid = {EBAB7DDA-778B-424C-AF86-4AABAEB35F46}
	EndGlobalSection
EndGlobal
