
Microsoft Visual Studio Solution File, Format Version 12.00
# Visual Studio Version 16
VisualStudioVersion = 16.0.30011.22
MinimumVisualStudioVersion = 10.0.40219.1
Project("{FAE04EC0-301F-11D3-BF4B-00C04F79EFBC}") = "01_TypeSinifi", "01_TypeSinifi\01_TypeSinifi.csproj", "{540153C4-1DA9-44F4-A5FE-5D7F727CD540}"
EndProject
Project("{FAE04EC0-301F-11D3-BF4B-00C04F79EFBC}") = "02_DinamikNesneUretmek", "02_DinamikNesneUretmek\02_DinamikNesneUretmek.csproj", "{413402C1-CB7F-4D72-9099-FCDD309D7983}"
EndProject
Project("{FAE04EC0-301F-11D3-BF4B-00C04F79EFBC}") = "03_DinamikUyeCagirmak", "03_DinamikUyeCagirmak\03_DinamikUyeCagirmak.csproj", "{AD4BC56C-A678-4B4A-88B8-9C268710FD86}"
EndProject
Project("{FAE04EC0-301F-11D3-BF4B-00C04F79EFBC}") = "04_DinamikUyeCagirmak", "04_DinamikUyeCagirmak\04_DinamikUyeCagirmak.csproj", "{2C782BD0-28FD-46ED-9D81-EDEB8D4D21B1}"
EndProject
Project("{FAE04EC0-301F-11D3-BF4B-00C04F79EFBC}") = "05_AttributeKavrami", "05_AttributeKavrami\05_AttributeKavrami.csproj", "{BA6B8E35-948E-4EE5-8E2B-77385637E498}"
EndProject
Global
	GlobalSection(SolutionConfigurationPlatforms) = preSolution
		Debug|Any CPU = Debug|Any CPU
		Release|Any CPU = Release|Any CPU
	EndGlobalSection
	GlobalSection(ProjectConfigurationPlatforms) = postSolution
		{540153C4-1DA9-44F4-A5FE-5D7F727CD540}.Debug|Any CPU.ActiveCfg = Debug|Any CPU
		{540153C4-1DA9-44F4-A5FE-5D7F727CD540}.Debug|Any CPU.Build.0 = Debug|Any CPU
		{540153C4-1DA9-44F4-A5FE-5D7F727CD540}.Release|Any CPU.ActiveCfg = Release|Any CPU
		{540153C4-1DA9-44F4-A5FE-5D7F727CD540}.Release|Any CPU.Build.0 = Release|Any CPU
		{413402C1-CB7F-4D72-9099-FCDD309D7983}.Debug|Any CPU.ActiveCfg = Debug|Any CPU
		{413402C1-CB7F-4D72-9099-FCDD309D7983}.Debug|Any CPU.Build.0 = Debug|Any CPU
		{413402C1-CB7F-4D72-9099-FCDD309D7983}.Release|Any CPU.ActiveCfg = Release|Any CPU
		{413402C1-CB7F-4D72-9099-FCDD309D7983}.Release|Any CPU.Build.0 = Release|Any CPU
		{AD4BC56C-A678-4B4A-88B8-9C268710FD86}.Debug|Any CPU.ActiveCfg = Debug|Any CPU
		{AD4BC56C-A678-4B4A-88B8-9C268710FD86}.Debug|Any CPU.Build.0 = Debug|Any CPU
		{AD4BC56C-A678-4B4A-88B8-9C268710FD86}.Release|Any CPU.ActiveCfg = Release|Any CPU
		{AD4BC56C-A678-4B4A-88B8-9C268710FD86}.Release|Any CPU.Build.0 = Release|Any CPU
		{2C782BD0-28FD-46ED-9D81-EDEB8D4D21B1}.Debug|Any CPU.ActiveCfg = Debug|Any CPU
		{2C782BD0-28FD-46ED-9D81-EDEB8D4D21B1}.Debug|Any CPU.Build.0 = Debug|Any CPU
		{2C782BD0-28FD-46ED-9D81-EDEB8D4D21B1}.Release|Any CPU.ActiveCfg = Release|Any CPU
		{2C782BD0-28FD-46ED-9D81-EDEB8D4D21B1}.Release|Any CPU.Build.0 = Release|Any CPU
		{BA6B8E35-948E-4EE5-8E2B-77385637E498}.Debug|Any CPU.ActiveCfg = Debug|Any CPU
		{BA6B8E35-948E-4EE5-8E2B-77385637E498}.Debug|Any CPU.Build.0 = Debug|Any CPU
		{BA6B8E35-948E-4EE5-8E2B-77385637E498}.Release|Any CPU.ActiveCfg = Release|Any CPU
		{BA6B8E35-948E-4EE5-8E2B-77385637E498}.Release|Any CPU.Build.0 = Release|Any CPU
	EndGlobalSection
	GlobalSection(SolutionProperties) = preSolution
		HideSolutionNode = FALSE
	EndGlobalSection
	GlobalSection(ExtensibilityGlobals) = postSolution
		SolutionGuid = {05176DD6-2EA6-4909-A2A8-563142B47DA0}
	EndGlobalSection
EndGlobal
