
Microsoft Visual Studio Solution File, Format Version 12.00
# Visual Studio 15
VisualStudioVersion = 15.0.26228.4
MinimumVisualStudioVersion = 10.0.40219.1
Project("{FAE04EC0-301F-11D3-BF4B-00C04F79EFBC}") = "01_MenuStrip", "01_MenuStrip\01_MenuStrip.csproj", "{8A24BF10-3348-458B-AF17-6F1B4578931B}"
EndProject
Project("{FAE04EC0-301F-11D3-BF4B-00C04F79EFBC}") = "02_ToolStrip", "02_ToolStrip\02_ToolStrip.csproj", "{C545089A-81E6-4509-A19B-A3008F62A51C}"
EndProject
Project("{FAE04EC0-301F-11D3-BF4B-00C04F79EFBC}") = "03_StatusStrip", "03_StatusStrip\03_StatusStrip.csproj", "{7103091F-8862-462E-A144-5C053DDB1402}"
EndProject
Project("{FAE04EC0-301F-11D3-BF4B-00C04F79EFBC}") = "04_ContextMenu", "04_ContextMenu\04_ContextMenu.csproj", "{DCCB1A18-C1F9-40F0-85B4-1AAAD9B47CCF}"
EndProject
Global
	GlobalSection(SolutionConfigurationPlatforms) = preSolution
		Debug|Any CPU = Debug|Any CPU
		Release|Any CPU = Release|Any CPU
	EndGlobalSection
	GlobalSection(ProjectConfigurationPlatforms) = postSolution
		{8A24BF10-3348-458B-AF17-6F1B4578931B}.Debug|Any CPU.ActiveCfg = Debug|Any CPU
		{8A24BF10-3348-458B-AF17-6F1B4578931B}.Debug|Any CPU.Build.0 = Debug|Any CPU
		{8A24BF10-3348-458B-AF17-6F1B4578931B}.Release|Any CPU.ActiveCfg = Release|Any CPU
		{8A24BF10-3348-458B-AF17-6F1B4578931B}.Release|Any CPU.Build.0 = Release|Any CPU
		{C545089A-81E6-4509-A19B-A3008F62A51C}.Debug|Any CPU.ActiveCfg = Debug|Any CPU
		{C545089A-81E6-4509-A19B-A3008F62A51C}.Debug|Any CPU.Build.0 = Debug|Any CPU
		{C545089A-81E6-4509-A19B-A3008F62A51C}.Release|Any CPU.ActiveCfg = Release|Any CPU
		{C545089A-81E6-4509-A19B-A3008F62A51C}.Release|Any CPU.Build.0 = Release|Any CPU
		{7103091F-8862-462E-A144-5C053DDB1402}.Debug|Any CPU.ActiveCfg = Debug|Any CPU
		{7103091F-8862-462E-A144-5C053DDB1402}.Debug|Any CPU.Build.0 = Debug|Any CPU
		{7103091F-8862-462E-A144-5C053DDB1402}.Release|Any CPU.ActiveCfg = Release|Any CPU
		{7103091F-8862-462E-A144-5C053DDB1402}.Release|Any CPU.Build.0 = Release|Any CPU
		{DCCB1A18-C1F9-40F0-85B4-1AAAD9B47CCF}.Debug|Any CPU.ActiveCfg = Debug|Any CPU
		{DCCB1A18-C1F9-40F0-85B4-1AAAD9B47CCF}.Debug|Any CPU.Build.0 = Debug|Any CPU
		{DCCB1A18-C1F9-40F0-85B4-1AAAD9B47CCF}.Release|Any CPU.ActiveCfg = Release|Any CPU
		{DCCB1A18-C1F9-40F0-85B4-1AAAD9B47CCF}.Release|Any CPU.Build.0 = Release|Any CPU
	EndGlobalSection
	GlobalSection(SolutionProperties) = preSolution
		HideSolutionNode = FALSE
	EndGlobalSection
EndGlobal
