
Microsoft Visual Studio Solution File, Format Version 12.00
# Visual Studio Version 16
VisualStudioVersion = 16.0.30011.22
MinimumVisualStudioVersion = 10.0.40219.1
Project("{FAE04EC0-301F-11D3-BF4B-00C04F79EFBC}") = "01_JQueryVeAjaxKullanimi", "01_JQueryVeAjaxKullanimi\01_JQueryVeAjaxKullanimi.csproj", "{04ABE8AE-A3E1-4AD8-A929-4D52CB26931E}"
EndProject
Global
	GlobalSection(SolutionConfigurationPlatforms) = preSolution
		Debug|Any CPU = Debug|Any CPU
		Release|Any CPU = Release|Any CPU
	EndGlobalSection
	GlobalSection(ProjectConfigurationPlatforms) = postSolution
		{04ABE8AE-A3E1-4AD8-A929-4D52CB26931E}.Debug|Any CPU.ActiveCfg = Debug|Any CPU
		{04ABE8AE-A3E1-4AD8-A929-4D52CB26931E}.Debug|Any CPU.Build.0 = Debug|Any CPU
		{04ABE8AE-A3E1-4AD8-A929-4D52CB26931E}.Release|Any CPU.ActiveCfg = Release|Any CPU
		{04ABE8AE-A3E1-4AD8-A929-4D52CB26931E}.Release|Any CPU.Build.0 = Release|Any CPU
	EndGlobalSection
	GlobalSection(SolutionProperties) = preSolution
		HideSolutionNode = FALSE
	EndGlobalSection
	GlobalSection(ExtensibilityGlobals) = postSolution
		SolutionGuid = {EF53D193-2ABF-4651-B19D-AE0900F12E9F}
	EndGlobalSection
EndGlobal
