
Microsoft Visual Studio Solution File, Format Version 12.00
# Visual Studio Version 16
VisualStudioVersion = 16.0.30011.22
MinimumVisualStudioVersion = 10.0.40219.1
Project("{FAE04EC0-301F-11D3-BF4B-00C04F79EFBC}") = "01_OperatorleriAsiriYuklemek", "01_OperatorleriAsiriYuklemek\01_OperatorleriAsiriYuklemek.csproj", "{DEC15D33-96CA-41D1-B841-2CDF6BD4742C}"
EndProject
Project("{FAE04EC0-301F-11D3-BF4B-00C04F79EFBC}") = "02_OperatorleriAsiriYuklemek", "02_OperatorleriAsiriYuklemek\02_OperatorleriAsiriYuklemek.csproj", "{73EA04FC-2CF3-4596-B5F5-264D6561F15E}"
EndProject
Global
	GlobalSection(SolutionConfigurationPlatforms) = preSolution
		Debug|Any CPU = Debug|Any CPU
		Release|Any CPU = Release|Any CPU
	EndGlobalSection
	GlobalSection(ProjectConfigurationPlatforms) = postSolution
		{DEC15D33-96CA-41D1-B841-2CDF6BD4742C}.Debug|Any CPU.ActiveCfg = Debug|Any CPU
		{DEC15D33-96CA-41D1-B841-2CDF6BD4742C}.Debug|Any CPU.Build.0 = Debug|Any CPU
		{DEC15D33-96CA-41D1-B841-2CDF6BD4742C}.Release|Any CPU.ActiveCfg = Release|Any CPU
		{DEC15D33-96CA-41D1-B841-2CDF6BD4742C}.Release|Any CPU.Build.0 = Release|Any CPU
		{73EA04FC-2CF3-4596-B5F5-264D6561F15E}.Debug|Any CPU.ActiveCfg = Debug|Any CPU
		{73EA04FC-2CF3-4596-B5F5-264D6561F15E}.Debug|Any CPU.Build.0 = Debug|Any CPU
		{73EA04FC-2CF3-4596-B5F5-264D6561F15E}.Release|Any CPU.ActiveCfg = Release|Any CPU
		{73EA04FC-2CF3-4596-B5F5-264D6561F15E}.Release|Any CPU.Build.0 = Release|Any CPU
	EndGlobalSection
	GlobalSection(SolutionProperties) = preSolution
		HideSolutionNode = FALSE
	EndGlobalSection
	GlobalSection(ExtensibilityGlobals) = postSolution
		SolutionGuid = {4763A593-31A3-457C-AF8D-F87FD0E85773}
	EndGlobalSection
EndGlobal
