
Microsoft Visual Studio Solution File, Format Version 12.00
# Visual Studio Version 16
VisualStudioVersion = 16.0.29728.190
MinimumVisualStudioVersion = 10.0.40219.1
Project("{FAE04EC0-301F-11D3-BF4B-00C04F79EFBC}") = "01_ImplictlyTypeLocalVariables", "01_ImplictlyTypeLocalVariables\01_ImplictlyTypeLocalVariables.csproj", "{00018480-AC70-46B8-8B79-E2026CF63449}"
EndProject
Project("{FAE04EC0-301F-11D3-BF4B-00C04F79EFBC}") = "02_AnonymousTypes", "02_AnonymousTypes\02_AnonymousTypes.csproj", "{C8B5D0C9-ADF0-47F4-BEE2-2EF47831869B}"
EndProject
Project("{FAE04EC0-301F-11D3-BF4B-00C04F79EFBC}") = "03_ImplictlyTypeArray", "03_ImplictlyTypeArray\03_ImplictlyTypeArray.csproj", "{D93FDF7A-EB34-4C49-8B71-BF8488748EF3}"
EndProject
Global
	GlobalSection(SolutionConfigurationPlatforms) = preSolution
		Debug|Any CPU = Debug|Any CPU
		Release|Any CPU = Release|Any CPU
	EndGlobalSection
	GlobalSection(ProjectConfigurationPlatforms) = postSolution
		{00018480-AC70-46B8-8B79-E2026CF63449}.Debug|Any CPU.ActiveCfg = Debug|Any CPU
		{00018480-AC70-46B8-8B79-E2026CF63449}.Debug|Any CPU.Build.0 = Debug|Any CPU
		{00018480-AC70-46B8-8B79-E2026CF63449}.Release|Any CPU.ActiveCfg = Release|Any CPU
		{00018480-AC70-46B8-8B79-E2026CF63449}.Release|Any CPU.Build.0 = Release|Any CPU
		{C8B5D0C9-ADF0-47F4-BEE2-2EF47831869B}.Debug|Any CPU.ActiveCfg = Debug|Any CPU
		{C8B5D0C9-ADF0-47F4-BEE2-2EF47831869B}.Debug|Any CPU.Build.0 = Debug|Any CPU
		{C8B5D0C9-ADF0-47F4-BEE2-2EF47831869B}.Release|Any CPU.ActiveCfg = Release|Any CPU
		{C8B5D0C9-ADF0-47F4-BEE2-2EF47831869B}.Release|Any CPU.Build.0 = Release|Any CPU
		{D93FDF7A-EB34-4C49-8B71-BF8488748EF3}.Debug|Any CPU.ActiveCfg = Debug|Any CPU
		{D93FDF7A-EB34-4C49-8B71-BF8488748EF3}.Debug|Any CPU.Build.0 = Debug|Any CPU
		{D93FDF7A-EB34-4C49-8B71-BF8488748EF3}.Release|Any CPU.ActiveCfg = Release|Any CPU
		{D93FDF7A-EB34-4C49-8B71-BF8488748EF3}.Release|Any CPU.Build.0 = Release|Any CPU
	EndGlobalSection
	GlobalSection(SolutionProperties) = preSolution
		HideSolutionNode = FALSE
	EndGlobalSection
	GlobalSection(ExtensibilityGlobals) = postSolution
		SolutionGuid = {757DC6BC-A801-4651-B8EA-7804A88192C8}
	EndGlobalSection
EndGlobal
