
Microsoft Visual Studio Solution File, Format Version 12.00
# Visual Studio Version 16
VisualStudioVersion = 16.0.30011.22
MinimumVisualStudioVersion = 10.0.40219.1
Project("{FAE04EC0-301F-11D3-BF4B-00C04F79EFBC}") = "01_SingleResponsibility", "01_SingleResponsibility\01_SingleResponsibility.csproj", "{2C2DD664-8BB5-4997-BFA4-552A2D19361B}"
EndProject
Project("{FAE04EC0-301F-11D3-BF4B-00C04F79EFBC}") = "02_OpenClosed", "02_OpenClosed\02_OpenClosed.csproj", "{BB31DBE9-A2C5-43A9-8E11-4F27B435DEA3}"
EndProject
Project("{FAE04EC0-301F-11D3-BF4B-00C04F79EFBC}") = "03_LiskovsSubstitution", "03_LiskovSubstitution\03_LiskovsSubstitution.csproj", "{5228770E-E7A6-400D-8BEB-295EC254B26B}"
EndProject
Project("{FAE04EC0-301F-11D3-BF4B-00C04F79EFBC}") = "04_InterfaceSegration", "04_InterfaceSegration\04_InterfaceSegration.csproj", "{E2F2B51F-4699-4922-BAC8-52E7307E1294}"
EndProject
Project("{FAE04EC0-301F-11D3-BF4B-00C04F79EFBC}") = "05_DependencyInversion", "05_DependencyInversion\05_DependencyInversion.csproj", "{F21E485C-1968-48D6-AB19-1A9AC4E7472C}"
EndProject
Global
	GlobalSection(SolutionConfigurationPlatforms) = preSolution
		Debug|Any CPU = Debug|Any CPU
		Release|Any CPU = Release|Any CPU
	EndGlobalSection
	GlobalSection(ProjectConfigurationPlatforms) = postSolution
		{2C2DD664-8BB5-4997-BFA4-552A2D19361B}.Debug|Any CPU.ActiveCfg = Debug|Any CPU
		{2C2DD664-8BB5-4997-BFA4-552A2D19361B}.Debug|Any CPU.Build.0 = Debug|Any CPU
		{2C2DD664-8BB5-4997-BFA4-552A2D19361B}.Release|Any CPU.ActiveCfg = Release|Any CPU
		{2C2DD664-8BB5-4997-BFA4-552A2D19361B}.Release|Any CPU.Build.0 = Release|Any CPU
		{BB31DBE9-A2C5-43A9-8E11-4F27B435DEA3}.Debug|Any CPU.ActiveCfg = Debug|Any CPU
		{BB31DBE9-A2C5-43A9-8E11-4F27B435DEA3}.Debug|Any CPU.Build.0 = Debug|Any CPU
		{BB31DBE9-A2C5-43A9-8E11-4F27B435DEA3}.Release|Any CPU.ActiveCfg = Release|Any CPU
		{BB31DBE9-A2C5-43A9-8E11-4F27B435DEA3}.Release|Any CPU.Build.0 = Release|Any CPU
		{5228770E-E7A6-400D-8BEB-295EC254B26B}.Debug|Any CPU.ActiveCfg = Debug|Any CPU
		{5228770E-E7A6-400D-8BEB-295EC254B26B}.Debug|Any CPU.Build.0 = Debug|Any CPU
		{5228770E-E7A6-400D-8BEB-295EC254B26B}.Release|Any CPU.ActiveCfg = Release|Any CPU
		{5228770E-E7A6-400D-8BEB-295EC254B26B}.Release|Any CPU.Build.0 = Release|Any CPU
		{E2F2B51F-4699-4922-BAC8-52E7307E1294}.Debug|Any CPU.ActiveCfg = Debug|Any CPU
		{E2F2B51F-4699-4922-BAC8-52E7307E1294}.Debug|Any CPU.Build.0 = Debug|Any CPU
		{E2F2B51F-4699-4922-BAC8-52E7307E1294}.Release|Any CPU.ActiveCfg = Release|Any CPU
		{E2F2B51F-4699-4922-BAC8-52E7307E1294}.Release|Any CPU.Build.0 = Release|Any CPU
		{F21E485C-1968-48D6-AB19-1A9AC4E7472C}.Debug|Any CPU.ActiveCfg = Debug|Any CPU
		{F21E485C-1968-48D6-AB19-1A9AC4E7472C}.Debug|Any CPU.Build.0 = Debug|Any CPU
		{F21E485C-1968-48D6-AB19-1A9AC4E7472C}.Release|Any CPU.ActiveCfg = Release|Any CPU
		{F21E485C-1968-48D6-AB19-1A9AC4E7472C}.Release|Any CPU.Build.0 = Release|Any CPU
	EndGlobalSection
	GlobalSection(SolutionProperties) = preSolution
		HideSolutionNode = FALSE
	EndGlobalSection
	GlobalSection(ExtensibilityGlobals) = postSolution
		SolutionGuid = {6CD44AA6-19A3-4DA1-8A7D-9C92584DF148}
	EndGlobalSection
EndGlobal
