
Microsoft Visual Studio Solution File, Format Version 12.00
# Visual Studio Version 16
VisualStudioVersion = 16.0.29728.190
MinimumVisualStudioVersion = 10.0.40219.1
Project("{FAE04EC0-301F-11D3-BF4B-00C04F79EFBC}") = "10_DynamicType", "10_DynamicType\10_DynamicType.csproj", "{917C4C94-8535-442E-A4F8-94D3FDCF7A14}"
EndProject
Global
	GlobalSection(SolutionConfigurationPlatforms) = preSolution
		Debug|Any CPU = Debug|Any CPU
		Release|Any CPU = Release|Any CPU
	EndGlobalSection
	GlobalSection(ProjectConfigurationPlatforms) = postSolution
		{917C4C94-8535-442E-A4F8-94D3FDCF7A14}.Debug|Any CPU.ActiveCfg = Debug|Any CPU
		{917C4C94-8535-442E-A4F8-94D3FDCF7A14}.Debug|Any CPU.Build.0 = Debug|Any CPU
		{917C4C94-8535-442E-A4F8-94D3FDCF7A14}.Release|Any CPU.ActiveCfg = Release|Any CPU
		{917C4C94-8535-442E-A4F8-94D3FDCF7A14}.Release|Any CPU.Build.0 = Release|Any CPU
	EndGlobalSection
	GlobalSection(SolutionProperties) = preSolution
		HideSolutionNode = FALSE
	EndGlobalSection
	GlobalSection(ExtensibilityGlobals) = postSolution
		SolutionGuid = {8D07DB19-E052-4603-A198-557F799F7A2D}
	EndGlobalSection
EndGlobal
