
Microsoft Visual Studio Solution File, Format Version 12.00
# Visual Studio Version 16
VisualStudioVersion = 16.0.30011.22
MinimumVisualStudioVersion = 10.0.40219.1
Project("{FAE04EC0-301F-11D3-BF4B-00C04F79EFBC}") = "01_LambdaSyntax", "01_LambdaSyntax\01_LambdaSyntax.csproj", "{3B5D0A0B-B2C9-4DF1-A890-16EB196B601A}"
EndProject
Project("{FAE04EC0-301F-11D3-BF4B-00C04F79EFBC}") = "02_EnumerableSinifi", "02_EnumerableSinifi\02_EnumerableSinifi.csproj", "{BB524884-4084-400D-9B2D-2D4EB9F5598E}"
EndProject
Global
	GlobalSection(SolutionConfigurationPlatforms) = preSolution
		Debug|Any CPU = Debug|Any CPU
		Release|Any CPU = Release|Any CPU
	EndGlobalSection
	GlobalSection(ProjectConfigurationPlatforms) = postSolution
		{3B5D0A0B-B2C9-4DF1-A890-16EB196B601A}.Debug|Any CPU.ActiveCfg = Debug|Any CPU
		{3B5D0A0B-B2C9-4DF1-A890-16EB196B601A}.Debug|Any CPU.Build.0 = Debug|Any CPU
		{3B5D0A0B-B2C9-4DF1-A890-16EB196B601A}.Release|Any CPU.ActiveCfg = Release|Any CPU
		{3B5D0A0B-B2C9-4DF1-A890-16EB196B601A}.Release|Any CPU.Build.0 = Release|Any CPU
		{BB524884-4084-400D-9B2D-2D4EB9F5598E}.Debug|Any CPU.ActiveCfg = Debug|Any CPU
		{BB524884-4084-400D-9B2D-2D4EB9F5598E}.Debug|Any CPU.Build.0 = Debug|Any CPU
		{BB524884-4084-400D-9B2D-2D4EB9F5598E}.Release|Any CPU.ActiveCfg = Release|Any CPU
		{BB524884-4084-400D-9B2D-2D4EB9F5598E}.Release|Any CPU.Build.0 = Release|Any CPU
	EndGlobalSection
	GlobalSection(SolutionProperties) = preSolution
		HideSolutionNode = FALSE
	EndGlobalSection
	GlobalSection(ExtensibilityGlobals) = postSolution
		SolutionGuid = {E0743872-C895-4162-A154-DFD36DBCA343}
	EndGlobalSection
EndGlobal
