
Microsoft Visual Studio Solution File, Format Version 12.00
# Visual Studio 15
VisualStudioVersion = 15.0.27703.2018
MinimumVisualStudioVersion = 10.0.40219.1
Project("{FAE04EC0-301F-11D3-BF4B-00C04F79EFBC}") = "01_Encapsulation", "03_Encapsulation\01_Encapsulation.csproj", "{163BC362-86DA-47ED-B84B-DFAD4C69D510}"
EndProject
Project("{FAE04EC0-301F-11D3-BF4B-00C04F79EFBC}") = "02_Encapsulation", "02_Encapsulation\02_Encapsulation.csproj", "{A76648B9-D391-496B-BA7B-CBF1DCCD68CE}"
EndProject
Project("{FAE04EC0-301F-11D3-BF4B-00C04F79EFBC}") = "04_Encapsulation", "04_Encapsulation\04_Encapsulation.csproj", "{C8466E4F-02D7-4831-9703-04C2D8B78B59}"
EndProject
Global
	GlobalSection(SolutionConfigurationPlatforms) = preSolution
		Debug|Any CPU = Debug|Any CPU
		Release|Any CPU = Release|Any CPU
	EndGlobalSection
	GlobalSection(ProjectConfigurationPlatforms) = postSolution
		{163BC362-86DA-47ED-B84B-DFAD4C69D510}.Debug|Any CPU.ActiveCfg = Debug|Any CPU
		{163BC362-86DA-47ED-B84B-DFAD4C69D510}.Debug|Any CPU.Build.0 = Debug|Any CPU
		{163BC362-86DA-47ED-B84B-DFAD4C69D510}.Release|Any CPU.ActiveCfg = Release|Any CPU
		{163BC362-86DA-47ED-B84B-DFAD4C69D510}.Release|Any CPU.Build.0 = Release|Any CPU
		{A76648B9-D391-496B-BA7B-CBF1DCCD68CE}.Debug|Any CPU.ActiveCfg = Debug|Any CPU
		{A76648B9-D391-496B-BA7B-CBF1DCCD68CE}.Debug|Any CPU.Build.0 = Debug|Any CPU
		{A76648B9-D391-496B-BA7B-CBF1DCCD68CE}.Release|Any CPU.ActiveCfg = Release|Any CPU
		{A76648B9-D391-496B-BA7B-CBF1DCCD68CE}.Release|Any CPU.Build.0 = Release|Any CPU
		{C8466E4F-02D7-4831-9703-04C2D8B78B59}.Debug|Any CPU.ActiveCfg = Debug|Any CPU
		{C8466E4F-02D7-4831-9703-04C2D8B78B59}.Debug|Any CPU.Build.0 = Debug|Any CPU
		{C8466E4F-02D7-4831-9703-04C2D8B78B59}.Release|Any CPU.ActiveCfg = Release|Any CPU
		{C8466E4F-02D7-4831-9703-04C2D8B78B59}.Release|Any CPU.Build.0 = Release|Any CPU
	EndGlobalSection
	GlobalSection(SolutionProperties) = preSolution
		HideSolutionNode = FALSE
	EndGlobalSection
	GlobalSection(ExtensibilityGlobals) = postSolution
		SolutionGuid = {E7CE1B48-8F0D-41B6-AC25-445C1B40B302}
	EndGlobalSection
EndGlobal
