
Microsoft Visual Studio Solution File, Format Version 12.00
# Visual Studio 15
VisualStudioVersion = 15.0.27703.2018
MinimumVisualStudioVersion = 10.0.40219.1
Project("{FAE04EC0-301F-11D3-BF4B-00C04F79EFBC}") = "01_Degiskenler", "01_Degiskenler\01_Degiskenler.csproj", "{223C92E8-CA7D-4186-B434-3250A28A4BE1}"
EndProject
Project("{FAE04EC0-301F-11D3-BF4B-00C04F79EFBC}") = "02_CastveConvertislemler", "02_CastveConvertislemler\02_CastveConvertislemler.csproj", "{957DAA9C-35F1-4F36-ABEE-8678529D6B70}"
EndProject
Project("{FAE04EC0-301F-11D3-BF4B-00C04F79EFBC}") = "03_BoxinUnboxing", "ConsoleApp1\03_BoxinUnboxing.csproj", "{DB5B33D5-FCEA-47FE-96DF-B2DFDB98939F}"
EndProject
Project("{FAE04EC0-301F-11D3-BF4B-00C04F79EFBC}") = "05_StringIslemler", "05_StringIslemler\05_StringIslemler.csproj", "{C7F03E05-5C63-4F58-B167-03B7C66106C5}"
EndProject
Project("{FAE04EC0-301F-11D3-BF4B-00C04F79EFBC}") = "06_mathIslemleri", "06_mathIslemleri\06_mathIslemleri.csproj", "{16C69BCA-D3E6-4578-AB35-5AD2691F065B}"
EndProject
Project("{FAE04EC0-301F-11D3-BF4B-00C04F79EFBC}") = "07_DateTime_islemleri", "07_DateTime_islemleri\07_DateTime_islemleri.csproj", "{7C3D6EA5-5EF3-4FF8-AFA0-DBA5EF831EAA}"
EndProject
Project("{FAE04EC0-301F-11D3-BF4B-00C04F79EFBC}") = "08_diziler", "08_diziler\08_diziler.csproj", "{A72F2294-F01A-4E77-A2C0-585F3B44358A}"
EndProject
Global
	GlobalSection(SolutionConfigurationPlatforms) = preSolution
		Debug|Any CPU = Debug|Any CPU
		Release|Any CPU = Release|Any CPU
	EndGlobalSection
	GlobalSection(ProjectConfigurationPlatforms) = postSolution
		{223C92E8-CA7D-4186-B434-3250A28A4BE1}.Debug|Any CPU.ActiveCfg = Debug|Any CPU
		{223C92E8-CA7D-4186-B434-3250A28A4BE1}.Debug|Any CPU.Build.0 = Debug|Any CPU
		{223C92E8-CA7D-4186-B434-3250A28A4BE1}.Release|Any CPU.ActiveCfg = Release|Any CPU
		{223C92E8-CA7D-4186-B434-3250A28A4BE1}.Release|Any CPU.Build.0 = Release|Any CPU
		{957DAA9C-35F1-4F36-ABEE-8678529D6B70}.Debug|Any CPU.ActiveCfg = Debug|Any CPU
		{957DAA9C-35F1-4F36-ABEE-8678529D6B70}.Debug|Any CPU.Build.0 = Debug|Any CPU
		{957DAA9C-35F1-4F36-ABEE-8678529D6B70}.Release|Any CPU.ActiveCfg = Release|Any CPU
		{957DAA9C-35F1-4F36-ABEE-8678529D6B70}.Release|Any CPU.Build.0 = Release|Any CPU
		{DB5B33D5-FCEA-47FE-96DF-B2DFDB98939F}.Debug|Any CPU.ActiveCfg = Debug|Any CPU
		{DB5B33D5-FCEA-47FE-96DF-B2DFDB98939F}.Debug|Any CPU.Build.0 = Debug|Any CPU
		{DB5B33D5-FCEA-47FE-96DF-B2DFDB98939F}.Release|Any CPU.ActiveCfg = Release|Any CPU
		{DB5B33D5-FCEA-47FE-96DF-B2DFDB98939F}.Release|Any CPU.Build.0 = Release|Any CPU
		{C7F03E05-5C63-4F58-B167-03B7C66106C5}.Debug|Any CPU.ActiveCfg = Debug|Any CPU
		{C7F03E05-5C63-4F58-B167-03B7C66106C5}.Debug|Any CPU.Build.0 = Debug|Any CPU
		{C7F03E05-5C63-4F58-B167-03B7C66106C5}.Release|Any CPU.ActiveCfg = Release|Any CPU
		{C7F03E05-5C63-4F58-B167-03B7C66106C5}.Release|Any CPU.Build.0 = Release|Any CPU
		{16C69BCA-D3E6-4578-AB35-5AD2691F065B}.Debug|Any CPU.ActiveCfg = Debug|Any CPU
		{16C69BCA-D3E6-4578-AB35-5AD2691F065B}.Debug|Any CPU.Build.0 = Debug|Any CPU
		{16C69BCA-D3E6-4578-AB35-5AD2691F065B}.Release|Any CPU.ActiveCfg = Release|Any CPU
		{16C69BCA-D3E6-4578-AB35-5AD2691F065B}.Release|Any CPU.Build.0 = Release|Any CPU
		{7C3D6EA5-5EF3-4FF8-AFA0-DBA5EF831EAA}.Debug|Any CPU.ActiveCfg = Debug|Any CPU
		{7C3D6EA5-5EF3-4FF8-AFA0-DBA5EF831EAA}.Debug|Any CPU.Build.0 = Debug|Any CPU
		{7C3D6EA5-5EF3-4FF8-AFA0-DBA5EF831EAA}.Release|Any CPU.ActiveCfg = Release|Any CPU
		{7C3D6EA5-5EF3-4FF8-AFA0-DBA5EF831EAA}.Release|Any CPU.Build.0 = Release|Any CPU
		{A72F2294-F01A-4E77-A2C0-585F3B44358A}.Debug|Any CPU.ActiveCfg = Debug|Any CPU
		{A72F2294-F01A-4E77-A2C0-585F3B44358A}.Debug|Any CPU.Build.0 = Debug|Any CPU
		{A72F2294-F01A-4E77-A2C0-585F3B44358A}.Release|Any CPU.ActiveCfg = Release|Any CPU
		{A72F2294-F01A-4E77-A2C0-585F3B44358A}.Release|Any CPU.Build.0 = Release|Any CPU
	EndGlobalSection
	GlobalSection(SolutionProperties) = preSolution
		HideSolutionNode = FALSE
	EndGlobalSection
	GlobalSection(ExtensibilityGlobals) = postSolution
		SolutionGuid = {71F1451B-E29D-4CB6-BDF9-AB14D88D329D}
	EndGlobalSection
EndGlobal
