
Microsoft Visual Studio Solution File, Format Version 12.00
# Visual Studio Version 16
VisualStudioVersion = 16.0.30011.22
MinimumVisualStudioVersion = 10.0.40219.1
Project("{FAE04EC0-301F-11D3-BF4B-00C04F79EFBC}") = "01_CRUDOperations", "01_CRUDOperations\01_CRUDOperations.csproj", "{33B0BDEA-6138-43A8-8458-970FF5A16BDB}"
EndProject
Global
	GlobalSection(SolutionConfigurationPlatforms) = preSolution
		Debug|Any CPU = Debug|Any CPU
		Release|Any CPU = Release|Any CPU
	EndGlobalSection
	GlobalSection(ProjectConfigurationPlatforms) = postSolution
		{33B0BDEA-6138-43A8-8458-970FF5A16BDB}.Debug|Any CPU.ActiveCfg = Debug|Any CPU
		{33B0BDEA-6138-43A8-8458-970FF5A16BDB}.Debug|Any CPU.Build.0 = Debug|Any CPU
		{33B0BDEA-6138-43A8-8458-970FF5A16BDB}.Release|Any CPU.ActiveCfg = Release|Any CPU
		{33B0BDEA-6138-43A8-8458-970FF5A16BDB}.Release|Any CPU.Build.0 = Release|Any CPU
	EndGlobalSection
	GlobalSection(SolutionProperties) = preSolution
		HideSolutionNode = FALSE
	EndGlobalSection
	GlobalSection(ExtensibilityGlobals) = postSolution
		SolutionGuid = {9FF86AFD-001B-49AB-9016-EE84C3C16C0F}
	EndGlobalSection
EndGlobal
