
Microsoft Visual Studio Solution File, Format Version 12.00
# Visual Studio Version 16
VisualStudioVersion = 16.0.30011.22
MinimumVisualStudioVersion = 10.0.40219.1
Project("{FAE04EC0-301F-11D3-BF4B-00C04F79EFBC}") = "01_Selectors", "01_Selectors\01_Selectors.csproj", "{F1AE5292-4975-4DCF-99F8-061FB2C6A5AE}"
EndProject
Global
	GlobalSection(SolutionConfigurationPlatforms) = preSolution
		Debug|Any CPU = Debug|Any CPU
		Release|Any CPU = Release|Any CPU
	EndGlobalSection
	GlobalSection(ProjectConfigurationPlatforms) = postSolution
		{F1AE5292-4975-4DCF-99F8-061FB2C6A5AE}.Debug|Any CPU.ActiveCfg = Debug|Any CPU
		{F1AE5292-4975-4DCF-99F8-061FB2C6A5AE}.Debug|Any CPU.Build.0 = Debug|Any CPU
		{F1AE5292-4975-4DCF-99F8-061FB2C6A5AE}.Release|Any CPU.ActiveCfg = Release|Any CPU
		{F1AE5292-4975-4DCF-99F8-061FB2C6A5AE}.Release|Any CPU.Build.0 = Release|Any CPU
	EndGlobalSection
	GlobalSection(SolutionProperties) = preSolution
		HideSolutionNode = FALSE
	EndGlobalSection
	GlobalSection(ExtensibilityGlobals) = postSolution
		SolutionGuid = {E83D2747-D9A4-4F7F-A0FA-AAA4607EEF26}
	EndGlobalSection
EndGlobal
