
Microsoft Visual Studio Solution File, Format Version 12.00
# Visual Studio Version 16
VisualStudioVersion = 16.0.30011.22
MinimumVisualStudioVersion = 10.0.40219.1
Project("{FAE04EC0-301F-11D3-BF4B-00C04F79EFBC}") = "ETrade.Data", "ETrade.Data\ETrade.Data.csproj", "{7FA1B65C-8C7B-4979-A70D-86B7EB3CEE7F}"
EndProject
Project("{FAE04EC0-301F-11D3-BF4B-00C04F79EFBC}") = "ETrade.Service", "ETrade.Service\ETrade.Service.csproj", "{E74DA45F-125E-4E50-8CDB-3EC5AB5E9A73}"
EndProject
Project("{FAE04EC0-301F-11D3-BF4B-00C04F79EFBC}") = "ETrade.Dto", "ETrade.Dto\ETrade.Dto.csproj", "{66FD78C8-FE89-4293-9068-C4CC419165D3}"
EndProject
Project("{FAE04EC0-301F-11D3-BF4B-00C04F79EFBC}") = "ETrade.Common", "ETrade.Common\ETrade.Common.csproj", "{B24C29C6-4743-4BA9-A97E-91477F8D183A}"
EndProject
Project("{FAE04EC0-301F-11D3-BF4B-00C04F79EFBC}") = "ETrade.UI.BackEnd", "ETrade.UI.BackEnd\ETrade.UI.BackEnd.csproj", "{7797FAA8-B573-4C82-A26E-376081B07EDF}"
EndProject
Project("{FAE04EC0-301F-11D3-BF4B-00C04F79EFBC}") = "ETrade.UI.FrontEnd", "ETrade.UI.FrontEnd\ETrade.UI.FrontEnd.csproj", "{D2A8D6F3-4C62-4A38-B346-F182B39AF1A1}"
EndProject
Global
	GlobalSection(SolutionConfigurationPlatforms) = preSolution
		Debug|Any CPU = Debug|Any CPU
		Release|Any CPU = Release|Any CPU
	EndGlobalSection
	GlobalSection(ProjectConfigurationPlatforms) = postSolution
		{7FA1B65C-8C7B-4979-A70D-86B7EB3CEE7F}.Debug|Any CPU.ActiveCfg = Debug|Any CPU
		{7FA1B65C-8C7B-4979-A70D-86B7EB3CEE7F}.Debug|Any CPU.Build.0 = Debug|Any CPU
		{7FA1B65C-8C7B-4979-A70D-86B7EB3CEE7F}.Release|Any CPU.ActiveCfg = Release|Any CPU
		{7FA1B65C-8C7B-4979-A70D-86B7EB3CEE7F}.Release|Any CPU.Build.0 = Release|Any CPU
		{E74DA45F-125E-4E50-8CDB-3EC5AB5E9A73}.Debug|Any CPU.ActiveCfg = Debug|Any CPU
		{E74DA45F-125E-4E50-8CDB-3EC5AB5E9A73}.Debug|Any CPU.Build.0 = Debug|Any CPU
		{E74DA45F-125E-4E50-8CDB-3EC5AB5E9A73}.Release|Any CPU.ActiveCfg = Release|Any CPU
		{E74DA45F-125E-4E50-8CDB-3EC5AB5E9A73}.Release|Any CPU.Build.0 = Release|Any CPU
		{66FD78C8-FE89-4293-9068-C4CC419165D3}.Debug|Any CPU.ActiveCfg = Debug|Any CPU
		{66FD78C8-FE89-4293-9068-C4CC419165D3}.Debug|Any CPU.Build.0 = Debug|Any CPU
		{66FD78C8-FE89-4293-9068-C4CC419165D3}.Release|Any CPU.ActiveCfg = Release|Any CPU
		{66FD78C8-FE89-4293-9068-C4CC419165D3}.Release|Any CPU.Build.0 = Release|Any CPU
		{B24C29C6-4743-4BA9-A97E-91477F8D183A}.Debug|Any CPU.ActiveCfg = Debug|Any CPU
		{B24C29C6-4743-4BA9-A97E-91477F8D183A}.Debug|Any CPU.Build.0 = Debug|Any CPU
		{B24C29C6-4743-4BA9-A97E-91477F8D183A}.Release|Any CPU.ActiveCfg = Release|Any CPU
		{B24C29C6-4743-4BA9-A97E-91477F8D183A}.Release|Any CPU.Build.0 = Release|Any CPU
		{7797FAA8-B573-4C82-A26E-376081B07EDF}.Debug|Any CPU.ActiveCfg = Debug|Any CPU
		{7797FAA8-B573-4C82-A26E-376081B07EDF}.Debug|Any CPU.Build.0 = Debug|Any CPU
		{7797FAA8-B573-4C82-A26E-376081B07EDF}.Release|Any CPU.ActiveCfg = Release|Any CPU
		{7797FAA8-B573-4C82-A26E-376081B07EDF}.Release|Any CPU.Build.0 = Release|Any CPU
		{D2A8D6F3-4C62-4A38-B346-F182B39AF1A1}.Debug|Any CPU.ActiveCfg = Debug|Any CPU
		{D2A8D6F3-4C62-4A38-B346-F182B39AF1A1}.Debug|Any CPU.Build.0 = Debug|Any CPU
		{D2A8D6F3-4C62-4A38-B346-F182B39AF1A1}.Release|Any CPU.ActiveCfg = Release|Any CPU
		{D2A8D6F3-4C62-4A38-B346-F182B39AF1A1}.Release|Any CPU.Build.0 = Release|Any CPU
	EndGlobalSection
	GlobalSection(SolutionProperties) = preSolution
		HideSolutionNode = FALSE
	EndGlobalSection
	GlobalSection(ExtensibilityGlobals) = postSolution
		SolutionGuid = {D47FDD6B-8854-46D2-8A87-1F2B8F1A9A86}
	EndGlobalSection
EndGlobal
