
Microsoft Visual Studio Solution File, Format Version 12.00
# Visual Studio 15
VisualStudioVersion = 15.0.27703.2018
MinimumVisualStudioVersion = 10.0.40219.1
Project("{FAE04EC0-301F-11D3-BF4B-00C04F79EFBC}") = "01_Class", "01_Class\01_Class.csproj", "{3A409D26-0544-43B6-AF48-6A4FA17D4AC0}"
EndProject
Project("{FAE04EC0-301F-11D3-BF4B-00C04F79EFBC}") = "02_ReferansTipAdresleme", "02_ReferansTipAdresleme\02_ReferansTipAdresleme.csproj", "{64AA67E5-DEE7-412F-B84A-3656F201DC12}"
EndProject
Project("{FAE04EC0-301F-11D3-BF4B-00C04F79EFBC}") = "03_NesneVeClassOrnek", "03_NesneVeClassOrnek\03_NesneVeClassOrnek.csproj", "{5178577F-E612-4357-92AC-D4E967F819A3}"
EndProject
Global
	GlobalSection(SolutionConfigurationPlatforms) = preSolution
		Debug|Any CPU = Debug|Any CPU
		Release|Any CPU = Release|Any CPU
	EndGlobalSection
	GlobalSection(ProjectConfigurationPlatforms) = postSolution
		{3A409D26-0544-43B6-AF48-6A4FA17D4AC0}.Debug|Any CPU.ActiveCfg = Debug|Any CPU
		{3A409D26-0544-43B6-AF48-6A4FA17D4AC0}.Debug|Any CPU.Build.0 = Debug|Any CPU
		{3A409D26-0544-43B6-AF48-6A4FA17D4AC0}.Release|Any CPU.ActiveCfg = Release|Any CPU
		{3A409D26-0544-43B6-AF48-6A4FA17D4AC0}.Release|Any CPU.Build.0 = Release|Any CPU
		{64AA67E5-DEE7-412F-B84A-3656F201DC12}.Debug|Any CPU.ActiveCfg = Debug|Any CPU
		{64AA67E5-DEE7-412F-B84A-3656F201DC12}.Debug|Any CPU.Build.0 = Debug|Any CPU
		{64AA67E5-DEE7-412F-B84A-3656F201DC12}.Release|Any CPU.ActiveCfg = Release|Any CPU
		{64AA67E5-DEE7-412F-B84A-3656F201DC12}.Release|Any CPU.Build.0 = Release|Any CPU
		{5178577F-E612-4357-92AC-D4E967F819A3}.Debug|Any CPU.ActiveCfg = Debug|Any CPU
		{5178577F-E612-4357-92AC-D4E967F819A3}.Debug|Any CPU.Build.0 = Debug|Any CPU
		{5178577F-E612-4357-92AC-D4E967F819A3}.Release|Any CPU.ActiveCfg = Release|Any CPU
		{5178577F-E612-4357-92AC-D4E967F819A3}.Release|Any CPU.Build.0 = Release|Any CPU
	EndGlobalSection
	GlobalSection(SolutionProperties) = preSolution
		HideSolutionNode = FALSE
	EndGlobalSection
	GlobalSection(ExtensibilityGlobals) = postSolution
		SolutionGuid = {86B2E794-2388-4DBB-AEAB-5F73F007550C}
	EndGlobalSection
EndGlobal
