
Microsoft Visual Studio Solution File, Format Version 12.00
# Visual Studio Version 16
VisualStudioVersion = 16.0.29728.190
MinimumVisualStudioVersion = 10.0.40219.1
Project("{FAE04EC0-301F-11D3-BF4B-00C04F79EFBC}") = "01_AsyncAndAwaitCallerInfo", "01_AsyncAndAwaitCallerInfo\01_AsyncAndAwaitCallerInfo.csproj", "{EEB97510-D30D-4813-8514-C4196096CA57}"
EndProject
Global
	GlobalSection(SolutionConfigurationPlatforms) = preSolution
		Debug|Any CPU = Debug|Any CPU
		Release|Any CPU = Release|Any CPU
	EndGlobalSection
	GlobalSection(ProjectConfigurationPlatforms) = postSolution
		{EEB97510-D30D-4813-8514-C4196096CA57}.Debug|Any CPU.ActiveCfg = Debug|Any CPU
		{EEB97510-D30D-4813-8514-C4196096CA57}.Debug|Any CPU.Build.0 = Debug|Any CPU
		{EEB97510-D30D-4813-8514-C4196096CA57}.Release|Any CPU.ActiveCfg = Release|Any CPU
		{EEB97510-D30D-4813-8514-C4196096CA57}.Release|Any CPU.Build.0 = Release|Any CPU
	EndGlobalSection
	GlobalSection(SolutionProperties) = preSolution
		HideSolutionNode = FALSE
	EndGlobalSection
	GlobalSection(ExtensibilityGlobals) = postSolution
		SolutionGuid = {B68A55B2-AD71-4CF2-A36D-EF7D828806F1}
	EndGlobalSection
EndGlobal
