
Microsoft Visual Studio Solution File, Format Version 12.00
# Visual Studio 15
VisualStudioVersion = 15.0.26228.4
MinimumVisualStudioVersion = 10.0.40219.1
Project("{FAE04EC0-301F-11D3-BF4B-00C04F79EFBC}") = "01_Panel", "01_Panel\01_Panel.csproj", "{AE09F844-F08D-42C4-8A88-F6A5D614FCA0}"
EndProject
Project("{FAE04EC0-301F-11D3-BF4B-00C04F79EFBC}") = "02_GroupBox", "02_GroupBox\02_GroupBox.csproj", "{61330BEA-6281-4257-BE43-D8F1267FE69A}"
EndProject
Project("{FAE04EC0-301F-11D3-BF4B-00C04F79EFBC}") = "03_TabControl", "03_TabControl\03_TabControl.csproj", "{A33916EE-6749-4DF4-A230-108A8FF3033F}"
EndProject
Project("{FAE04EC0-301F-11D3-BF4B-00C04F79EFBC}") = "04_FlowLayoutPanel", "04_FlowLayoutPanel\04_FlowLayoutPanel.csproj", "{40727953-AF97-45F6-81F2-EBF752BA309B}"
EndProject
Project("{FAE04EC0-301F-11D3-BF4B-00C04F79EFBC}") = "05_TableLayoutPanel", "05_TableLayoutPanel\05_TableLayoutPanel.csproj", "{604C8C1D-8E70-4575-B021-0D8607C44E26}"
EndProject
Project("{FAE04EC0-301F-11D3-BF4B-00C04F79EFBC}") = "06_SplitContainer", "06_SplitContainer\06_SplitContainer.csproj", "{F188500C-C09F-4B83-A979-2BA244BC9C9E}"
EndProject
Global
	GlobalSection(SolutionConfigurationPlatforms) = preSolution
		Debug|Any CPU = Debug|Any CPU
		Release|Any CPU = Release|Any CPU
	EndGlobalSection
	GlobalSection(ProjectConfigurationPlatforms) = postSolution
		{AE09F844-F08D-42C4-8A88-F6A5D614FCA0}.Debug|Any CPU.ActiveCfg = Debug|Any CPU
		{AE09F844-F08D-42C4-8A88-F6A5D614FCA0}.Debug|Any CPU.Build.0 = Debug|Any CPU
		{AE09F844-F08D-42C4-8A88-F6A5D614FCA0}.Release|Any CPU.ActiveCfg = Release|Any CPU
		{AE09F844-F08D-42C4-8A88-F6A5D614FCA0}.Release|Any CPU.Build.0 = Release|Any CPU
		{61330BEA-6281-4257-BE43-D8F1267FE69A}.Debug|Any CPU.ActiveCfg = Debug|Any CPU
		{61330BEA-6281-4257-BE43-D8F1267FE69A}.Debug|Any CPU.Build.0 = Debug|Any CPU
		{61330BEA-6281-4257-BE43-D8F1267FE69A}.Release|Any CPU.ActiveCfg = Release|Any CPU
		{61330BEA-6281-4257-BE43-D8F1267FE69A}.Release|Any CPU.Build.0 = Release|Any CPU
		{A33916EE-6749-4DF4-A230-108A8FF3033F}.Debug|Any CPU.ActiveCfg = Debug|Any CPU
		{A33916EE-6749-4DF4-A230-108A8FF3033F}.Debug|Any CPU.Build.0 = Debug|Any CPU
		{A33916EE-6749-4DF4-A230-108A8FF3033F}.Release|Any CPU.ActiveCfg = Release|Any CPU
		{A33916EE-6749-4DF4-A230-108A8FF3033F}.Release|Any CPU.Build.0 = Release|Any CPU
		{40727953-AF97-45F6-81F2-EBF752BA309B}.Debug|Any CPU.ActiveCfg = Debug|Any CPU
		{40727953-AF97-45F6-81F2-EBF752BA309B}.Debug|Any CPU.Build.0 = Debug|Any CPU
		{40727953-AF97-45F6-81F2-EBF752BA309B}.Release|Any CPU.ActiveCfg = Release|Any CPU
		{40727953-AF97-45F6-81F2-EBF752BA309B}.Release|Any CPU.Build.0 = Release|Any CPU
		{604C8C1D-8E70-4575-B021-0D8607C44E26}.Debug|Any CPU.ActiveCfg = Debug|Any CPU
		{604C8C1D-8E70-4575-B021-0D8607C44E26}.Debug|Any CPU.Build.0 = Debug|Any CPU
		{604C8C1D-8E70-4575-B021-0D8607C44E26}.Release|Any CPU.ActiveCfg = Release|Any CPU
		{604C8C1D-8E70-4575-B021-0D8607C44E26}.Release|Any CPU.Build.0 = Release|Any CPU
		{F188500C-C09F-4B83-A979-2BA244BC9C9E}.Debug|Any CPU.ActiveCfg = Debug|Any CPU
		{F188500C-C09F-4B83-A979-2BA244BC9C9E}.Debug|Any CPU.Build.0 = Debug|Any CPU
		{F188500C-C09F-4B83-A979-2BA244BC9C9E}.Release|Any CPU.ActiveCfg = Release|Any CPU
		{F188500C-C09F-4B83-A979-2BA244BC9C9E}.Release|Any CPU.Build.0 = Release|Any CPU
	EndGlobalSection
	GlobalSection(SolutionProperties) = preSolution
		HideSolutionNode = FALSE
	EndGlobalSection
EndGlobal
