
Microsoft Visual Studio Solution File, Format Version 12.00
# Visual Studio Version 16
VisualStudioVersion = 16.0.30011.22
MinimumVisualStudioVersion = 10.0.40219.1
Project("{FAE04EC0-301F-11D3-BF4B-00C04F79EFBC}") = "01_Thread", "01_Thread\01_Thread.csproj", "{0FEBF8FA-6217-4C88-9A7E-4212F6EF7D4E}"
EndProject
Project("{FAE04EC0-301F-11D3-BF4B-00C04F79EFBC}") = "02_LockMonitorSemaphore", "02_LockMonitorSemaphore\02_LockMonitorSemaphore.csproj", "{8AD93102-EACB-431E-8A0A-654F806120C0}"
EndProject
Project("{FAE04EC0-301F-11D3-BF4B-00C04F79EFBC}") = "03_Mutex", "03_Mutex\03_Mutex.csproj", "{664F7E4D-DB69-4030-AC29-3A1EB241A999}"
EndProject
Global
	GlobalSection(SolutionConfigurationPlatforms) = preSolution
		Debug|Any CPU = Debug|Any CPU
		Release|Any CPU = Release|Any CPU
	EndGlobalSection
	GlobalSection(ProjectConfigurationPlatforms) = postSolution
		{0FEBF8FA-6217-4C88-9A7E-4212F6EF7D4E}.Debug|Any CPU.ActiveCfg = Debug|Any CPU
		{0FEBF8FA-6217-4C88-9A7E-4212F6EF7D4E}.Debug|Any CPU.Build.0 = Debug|Any CPU
		{0FEBF8FA-6217-4C88-9A7E-4212F6EF7D4E}.Release|Any CPU.ActiveCfg = Release|Any CPU
		{0FEBF8FA-6217-4C88-9A7E-4212F6EF7D4E}.Release|Any CPU.Build.0 = Release|Any CPU
		{8AD93102-EACB-431E-8A0A-654F806120C0}.Debug|Any CPU.ActiveCfg = Debug|Any CPU
		{8AD93102-EACB-431E-8A0A-654F806120C0}.Debug|Any CPU.Build.0 = Debug|Any CPU
		{8AD93102-EACB-431E-8A0A-654F806120C0}.Release|Any CPU.ActiveCfg = Release|Any CPU
		{8AD93102-EACB-431E-8A0A-654F806120C0}.Release|Any CPU.Build.0 = Release|Any CPU
		{664F7E4D-DB69-4030-AC29-3A1EB241A999}.Debug|Any CPU.ActiveCfg = Debug|Any CPU
		{664F7E4D-DB69-4030-AC29-3A1EB241A999}.Debug|Any CPU.Build.0 = Debug|Any CPU
		{664F7E4D-DB69-4030-AC29-3A1EB241A999}.Release|Any CPU.ActiveCfg = Release|Any CPU
		{664F7E4D-DB69-4030-AC29-3A1EB241A999}.Release|Any CPU.Build.0 = Release|Any CPU
	EndGlobalSection
	GlobalSection(SolutionProperties) = preSolution
		HideSolutionNode = FALSE
	EndGlobalSection
	GlobalSection(ExtensibilityGlobals) = postSolution
		SolutionGuid = {A6539592-9606-4B68-A755-C921BEF65653}
	EndGlobalSection
EndGlobal
