
Microsoft Visual Studio Solution File, Format Version 12.00
# Visual Studio 15
VisualStudioVersion = 15.0.27703.2018
MinimumVisualStudioVersion = 10.0.40219.1
Project("{FAE04EC0-301F-11D3-BF4B-00C04F79EFBC}") = "01_Methodlar", "01_Methodlar\01_Methodlar.csproj", "{ED744E5B-B9B3-4EF3-A5FF-B07D46BCAB16}"
EndProject
Project("{FAE04EC0-301F-11D3-BF4B-00C04F79EFBC}") = "02_MethodSummary", "02_MethodSummary\02_MethodSummary.csproj", "{5C8A648B-334C-477D-9969-44563BB0963C}"
EndProject
Project("{FAE04EC0-301F-11D3-BF4B-00C04F79EFBC}") = "03_Method_ornekleri", "03_Method_ornekleri\03_Method_ornekleri.csproj", "{6C0BE8F4-8C85-4647-8A46-FE58423C8083}"
EndProject
Global
	GlobalSection(SolutionConfigurationPlatforms) = preSolution
		Debug|Any CPU = Debug|Any CPU
		Release|Any CPU = Release|Any CPU
	EndGlobalSection
	GlobalSection(ProjectConfigurationPlatforms) = postSolution
		{ED744E5B-B9B3-4EF3-A5FF-B07D46BCAB16}.Debug|Any CPU.ActiveCfg = Debug|Any CPU
		{ED744E5B-B9B3-4EF3-A5FF-B07D46BCAB16}.Debug|Any CPU.Build.0 = Debug|Any CPU
		{ED744E5B-B9B3-4EF3-A5FF-B07D46BCAB16}.Release|Any CPU.ActiveCfg = Release|Any CPU
		{ED744E5B-B9B3-4EF3-A5FF-B07D46BCAB16}.Release|Any CPU.Build.0 = Release|Any CPU
		{5C8A648B-334C-477D-9969-44563BB0963C}.Debug|Any CPU.ActiveCfg = Debug|Any CPU
		{5C8A648B-334C-477D-9969-44563BB0963C}.Debug|Any CPU.Build.0 = Debug|Any CPU
		{5C8A648B-334C-477D-9969-44563BB0963C}.Release|Any CPU.ActiveCfg = Release|Any CPU
		{5C8A648B-334C-477D-9969-44563BB0963C}.Release|Any CPU.Build.0 = Release|Any CPU
		{6C0BE8F4-8C85-4647-8A46-FE58423C8083}.Debug|Any CPU.ActiveCfg = Debug|Any CPU
		{6C0BE8F4-8C85-4647-8A46-FE58423C8083}.Debug|Any CPU.Build.0 = Debug|Any CPU
		{6C0BE8F4-8C85-4647-8A46-FE58423C8083}.Release|Any CPU.ActiveCfg = Release|Any CPU
		{6C0BE8F4-8C85-4647-8A46-FE58423C8083}.Release|Any CPU.Build.0 = Release|Any CPU
	EndGlobalSection
	GlobalSection(SolutionProperties) = preSolution
		HideSolutionNode = FALSE
	EndGlobalSection
	GlobalSection(ExtensibilityGlobals) = postSolution
		SolutionGuid = {DC38D0AB-DB2A-41E8-B902-A6AE9811463B}
	EndGlobalSection
EndGlobal
