
Microsoft Visual Studio Solution File, Format Version 12.00
# Visual Studio Version 16
VisualStudioVersion = 16.0.30011.22
MinimumVisualStudioVersion = 10.0.40219.1
Project("{FAE04EC0-301F-11D3-BF4B-00C04F79EFBC}") = "01_ConnectionKavrami", "01_ConnectionKavrami\01_ConnectionKavrami.csproj", "{1987399F-58DE-433C-8D42-DAFD9DF191CF}"
EndProject
Project("{FAE04EC0-301F-11D3-BF4B-00C04F79EFBC}") = "02_ConnectionManagement", "02_ConnectionManagement\02_ConnectionManagement.csproj", "{B3882EA1-0D1E-41D6-ABEB-C1EB5A1206D0}"
EndProject
Global
	GlobalSection(SolutionConfigurationPlatforms) = preSolution
		Debug|Any CPU = Debug|Any CPU
		Release|Any CPU = Release|Any CPU
	EndGlobalSection
	GlobalSection(ProjectConfigurationPlatforms) = postSolution
		{1987399F-58DE-433C-8D42-DAFD9DF191CF}.Debug|Any CPU.ActiveCfg = Debug|Any CPU
		{1987399F-58DE-433C-8D42-DAFD9DF191CF}.Debug|Any CPU.Build.0 = Debug|Any CPU
		{1987399F-58DE-433C-8D42-DAFD9DF191CF}.Release|Any CPU.ActiveCfg = Release|Any CPU
		{1987399F-58DE-433C-8D42-DAFD9DF191CF}.Release|Any CPU.Build.0 = Release|Any CPU
		{B3882EA1-0D1E-41D6-ABEB-C1EB5A1206D0}.Debug|Any CPU.ActiveCfg = Debug|Any CPU
		{B3882EA1-0D1E-41D6-ABEB-C1EB5A1206D0}.Debug|Any CPU.Build.0 = Debug|Any CPU
		{B3882EA1-0D1E-41D6-ABEB-C1EB5A1206D0}.Release|Any CPU.ActiveCfg = Release|Any CPU
		{B3882EA1-0D1E-41D6-ABEB-C1EB5A1206D0}.Release|Any CPU.Build.0 = Release|Any CPU
	EndGlobalSection
	GlobalSection(SolutionProperties) = preSolution
		HideSolutionNode = FALSE
	EndGlobalSection
	GlobalSection(ExtensibilityGlobals) = postSolution
		SolutionGuid = {5C1E27EA-6D08-412F-8312-ED4701A50B4F}
	EndGlobalSection
EndGlobal
