
Microsoft Visual Studio Solution File, Format Version 12.00
# Visual Studio 15
VisualStudioVersion = 15.0.27703.2018
MinimumVisualStudioVersion = 10.0.40219.1
Project("{FAE04EC0-301F-11D3-BF4B-00C04F79EFBC}") = "01_if_else", "01_if_else\01_if_else.csproj", "{01BE4E6D-E331-48A3-A3AA-552E127050B1}"
EndProject
Project("{FAE04EC0-301F-11D3-BF4B-00C04F79EFBC}") = "02_SwitchCase", "02_SwitchCase\02_SwitchCase.csproj", "{AF96D2A0-6694-4FC2-BF3B-A7632F2E7F52}"
EndProject
Global
	GlobalSection(SolutionConfigurationPlatforms) = preSolution
		Debug|Any CPU = Debug|Any CPU
		Release|Any CPU = Release|Any CPU
	EndGlobalSection
	GlobalSection(ProjectConfigurationPlatforms) = postSolution
		{01BE4E6D-E331-48A3-A3AA-552E127050B1}.Debug|Any CPU.ActiveCfg = Debug|Any CPU
		{01BE4E6D-E331-48A3-A3AA-552E127050B1}.Debug|Any CPU.Build.0 = Debug|Any CPU
		{01BE4E6D-E331-48A3-A3AA-552E127050B1}.Release|Any CPU.ActiveCfg = Release|Any CPU
		{01BE4E6D-E331-48A3-A3AA-552E127050B1}.Release|Any CPU.Build.0 = Release|Any CPU
		{AF96D2A0-6694-4FC2-BF3B-A7632F2E7F52}.Debug|Any CPU.ActiveCfg = Debug|Any CPU
		{AF96D2A0-6694-4FC2-BF3B-A7632F2E7F52}.Debug|Any CPU.Build.0 = Debug|Any CPU
		{AF96D2A0-6694-4FC2-BF3B-A7632F2E7F52}.Release|Any CPU.ActiveCfg = Release|Any CPU
		{AF96D2A0-6694-4FC2-BF3B-A7632F2E7F52}.Release|Any CPU.Build.0 = Release|Any CPU
	EndGlobalSection
	GlobalSection(SolutionProperties) = preSolution
		HideSolutionNode = FALSE
	EndGlobalSection
	GlobalSection(ExtensibilityGlobals) = postSolution
		SolutionGuid = {A92E391C-6196-41A4-ACF5-24BF235DACA4}
	EndGlobalSection
EndGlobal
